
Microsoft Visual Studio Solution File, Format Version 12.00
# Visual Studio 15
VisualStudioVersion = 15.0.28307.106
MinimumVisualStudioVersion = 10.0.40219.1
Project("{2150E333-8FDC-42A3-9474-1A3956D46DE8}") = "Solution", "Solution", "{1C525E46-B8E4-4118-BCDE-C43E391CB3C0}"
	ProjectSection(SolutionItems) = preProject
		.gitignore = .gitignore
		README.md = README.md
	EndProjectSection
EndProject
Project("{9A19103F-16F7-4668-BE54-9A1E7A4F7556}") = "Wlpdf", "src\Wlpdf\Wlpdf.csproj", "{0B06E973-D334-4CE9-9D8B-9938F24E05B6}"
EndProject
Project("{9A19103F-16F7-4668-BE54-9A1E7A4F7556}") = "Wlpdf.Examples", "src\Wlpdf.Examples\Wlpdf.Examples.csproj", "{3287A62B-63A7-4C93-B028-A85D593BDABF}"
EndProject
Project("{9A19103F-16F7-4668-BE54-9A1E7A4F7556}") = "Wlpdf.IntegrationTests", "test\Wlpdf.IntegrationTests\Wlpdf.IntegrationTests.csproj", "{5F354168-A755-4AA2-8E1F-EF56384595FC}"
EndProject
Global
	GlobalSection(SolutionConfigurationPlatforms) = preSolution
		Debug|Any CPU = Debug|Any CPU
		Release|Any CPU = Release|Any CPU
	EndGlobalSection
	GlobalSection(ProjectConfigurationPlatforms) = postSolution
		{0B06E973-D334-4CE9-9D8B-9938F24E05B6}.Debug|Any CPU.ActiveCfg = Debug|Any CPU
		{0B06E973-D334-4CE9-9D8B-9938F24E05B6}.Debug|Any CPU.Build.0 = Debug|Any CPU
		{0B06E973-D334-4CE9-9D8B-9938F24E05B6}.Release|Any CPU.ActiveCfg = Release|Any CPU
		{0B06E973-D334-4CE9-9D8B-9938F24E05B6}.Release|Any CPU.Build.0 = Release|Any CPU
		{3287A62B-63A7-4C93-B028-A85D593BDABF}.Debug|Any CPU.ActiveCfg = Debug|Any CPU
		{3287A62B-63A7-4C93-B028-A85D593BDABF}.Debug|Any CPU.Build.0 = Debug|Any CPU
		{3287A62B-63A7-4C93-B028-A85D593BDABF}.Release|Any CPU.ActiveCfg = Release|Any CPU
		{3287A62B-63A7-4C93-B028-A85D593BDABF}.Release|Any CPU.Build.0 = Release|Any CPU
		{5F354168-A755-4AA2-8E1F-EF56384595FC}.Debug|Any CPU.ActiveCfg = Debug|Any CPU
		{5F354168-A755-4AA2-8E1F-EF56384595FC}.Debug|Any CPU.Build.0 = Debug|Any CPU
		{5F354168-A755-4AA2-8E1F-EF56384595FC}.Release|Any CPU.ActiveCfg = Release|Any CPU
		{5F354168-A755-4AA2-8E1F-EF56384595FC}.Release|Any CPU.Build.0 = Release|Any CPU
	EndGlobalSection
	GlobalSection(SolutionProperties) = preSolution
		HideSolutionNode = FALSE
	EndGlobalSection
	GlobalSection(ExtensibilityGlobals) = postSolution
		SolutionGuid = {82C8CFAE-C28C-4772-9472-654777E4733C}
	EndGlobalSection
EndGlobal
